<?xml version="1.0" encoding="utf-8"?>
<Project ToolsVersion="4.0" xmlns="http://schemas.microsoft.com/developer/msbuild/2003">
  <ItemGroup>
    <Filter Include="Source Files">
      <UniqueIdentifier>{4FC737F1-C7A5-4376-A066-2A32D752A2FF}</UniqueIdentifier>
      <Extensions>cpp;c;cc;cxx;c++;cppm;ixx;def;odl;idl;hpj;bat;asm;asmx</Extensions>
    </Filter>
    <Filter Include="Source Files\Utils">
      <UniqueIdentifier>{028feb9f-edd0-4016-b652-dbee5c5321ef}</UniqueIdentifier>
    </Filter>
    <Filter Include="Source Files\Game">
      <UniqueIdentifier>{a97dda10-70a5-4135-9dac-8168156654ef}</UniqueIdentifier>
    </Filter>
    <Filter Include="Source Files\Thread">
      <UniqueIdentifier>{5885a67c-5cf9-403d-8cec-723067a32f5a}</UniqueIdentifier>
    </Filter>
    <Filter Include="Source Files\GameSystem">
      <UniqueIdentifier>{eab69f76-a0db-4c00-84d1-7d25aaebeef4}</UniqueIdentifier>
    </Filter>
    <Filter Include="Source Files\GameSystem\Common">
      <UniqueIdentifier>{c49567f8-44c0-4c07-bb08-f5eb3f89e463}</UniqueIdentifier>
    </Filter>
    <Filter Include="Source Files\GameSystem\Guardian">
      <UniqueIdentifier>{162a5451-1530-4143-afe7-d1bf3b9504cb}</UniqueIdentifier>
    </Filter>
    <Filter Include="Source Files\GameSystem\GameObject">
      <UniqueIdentifier>{81ce51be-9ab3-4434-90ea-4a8dc91dcf1f}</UniqueIdentifier>
    </Filter>
    <Filter Include="Source Files\GameSystem\GameObject\Entity">
      <UniqueIdentifier>{e60ab7d0-43e8-434d-9a3b-6d997ec4d007}</UniqueIdentifier>
    </Filter>
    <Filter Include="Source Files\GameSystem\GameObject\Operation">
      <UniqueIdentifier>{ec49f76b-5995-49e4-9dfc-24dff88597a6}</UniqueIdentifier>
    </Filter>
    <Filter Include="Source Files\GameSystem\GameObject\Skill">
      <UniqueIdentifier>{058034eb-c717-41b5-8a49-26d1ad44a274}</UniqueIdentifier>
    </Filter>
    <Filter Include="Source Files\GameSystem\Factory">
      <UniqueIdentifier>{caa024b8-200b-44dd-803d-89c531038572}</UniqueIdentifier>
    </Filter>
    <Filter Include="Source Files\GameSystem\json">
      <UniqueIdentifier>{da246980-ac7c-4499-a77f-6e1a6147b08b}</UniqueIdentifier>
    </Filter>
    <Filter Include="Source Files\GameSystem\GameObject\Type">
      <UniqueIdentifier>{76eee370-487b-4cdd-942d-52be62cc67ba}</UniqueIdentifier>
    </Filter>
    <Filter Include="Source Files\GameSystem\Factory\Operation">
      <UniqueIdentifier>{afccea7a-31d9-4894-ad01-44b0d1c2fbcc}</UniqueIdentifier>
    </Filter>
    <Filter Include="Source Files\GameSystem\Factory\TriggerCondition">
      <UniqueIdentifier>{2e6d9940-5899-4bc3-8741-ac20626be385}</UniqueIdentifier>
    </Filter>
    <Filter Include="Source Files\GameSystem\Command">
      <UniqueIdentifier>{79fc5ddc-fb9d-4d75-9faa-6e126429fd89}</UniqueIdentifier>
    </Filter>
    <Filter Include="Source Files\MatchSystem">
      <UniqueIdentifier>{71e76b73-6342-4898-b867-808e4ab61b36}</UniqueIdentifier>
    </Filter>
    <Filter Include="Source Files\NetworkSystem">
      <UniqueIdentifier>{50eb5868-56e7-4a97-8540-db2092140efc}</UniqueIdentifier>
    </Filter>
    <Filter Include="Source Files\NetworkSystem\PacketHandler">
      <UniqueIdentifier>{a5d79e22-71bf-457b-8413-4414e6ee9a60}</UniqueIdentifier>
    </Filter>
    <Filter Include="Source Files\NetworkSystem\PacketHandler\Auth">
      <UniqueIdentifier>{4a8487e6-bb9d-40cd-855f-0b3955c9967a}</UniqueIdentifier>
    </Filter>
    <Filter Include="Source Files\NetworkSystem\PacketHandler\Interface">
      <UniqueIdentifier>{1d8e92e8-6427-4247-88a5-c066a5e76b0c}</UniqueIdentifier>
    </Filter>
    <Filter Include="Source Files\NetworkSystem\PacketHandler\Common">
      <UniqueIdentifier>{1f1201b5-989d-4815-9af3-8ebbebc1a78e}</UniqueIdentifier>
    </Filter>
    <Filter Include="Source Files\DataSystem">
      <UniqueIdentifier>{a104b005-a2dd-4de9-9956-e838495a35c9}</UniqueIdentifier>
    </Filter>
    <Filter Include="Source Files\DataSystem\GameData">
      <UniqueIdentifier>{01a95daf-1aa7-4293-966b-2588aed013af}</UniqueIdentifier>
    </Filter>
    <Filter Include="Source Files\DataSystem\JsonData">
      <UniqueIdentifier>{1afcda55-d392-480d-ad24-16489c363ec1}</UniqueIdentifier>
    </Filter>
    <Filter Include="Source Files\GameSystem\InGame">
      <UniqueIdentifier>{826aca5e-64d8-46f6-8241-785f88c0a1e3}</UniqueIdentifier>
    </Filter>
    <Filter Include="Source Files\GameSystem\Controller">
      <UniqueIdentifier>{55cbff62-2e30-4726-9827-da73b1c95d9b}</UniqueIdentifier>
    </Filter>
    <Filter Include="Source Files\GameSystem\GameState">
      <UniqueIdentifier>{626e23e5-a579-4a17-96bd-10353d5fadbf}</UniqueIdentifier>
    </Filter>
  </ItemGroup>
  <ItemGroup>
    <ClCompile Include="main.cpp">
      <Filter>Source Files</Filter>
    </ClCompile>
    <ClCompile Include="pch.cpp">
      <Filter>Source Files</Filter>
    </ClCompile>
    <ClCompile Include="SocketServer.cpp">
      <Filter>Source Files\NetworkSystem</Filter>
    </ClCompile>
    <ClCompile Include="ClientSession.cpp">
      <Filter>Source Files\NetworkSystem</Filter>
    </ClCompile>
    <ClCompile Include="Login.cpp">
      <Filter>Source Files\NetworkSystem\PacketHandler\Auth</Filter>
    </ClCompile>
    <ClCompile Include="IPacketHandler.cpp">
      <Filter>Source Files\NetworkSystem\PacketHandler\Interface</Filter>
    </ClCompile>
    <ClCompile Include="PacketId.cpp">
      <Filter>Source Files\NetworkSystem\PacketHandler\Common</Filter>
    </ClCompile>
    <ClCompile Include="PacketController.cpp">
      <Filter>Source Files\NetworkSystem\PacketHandler\Common</Filter>
    </ClCompile>
    <ClCompile Include="PlayerManager.cpp">
      <Filter>Source Files\Game</Filter>
    </ClCompile>
    <ClCompile Include="ThreadSystem.cpp">
      <Filter>Source Files\Thread</Filter>
    </ClCompile>
    <ClCompile Include="TLS.cpp">
      <Filter>Source Files\Thread</Filter>
    </ClCompile>
    <ClCompile Include="InputValidator.cpp">
      <Filter>Source Files\Utils</Filter>
    </ClCompile>
    <ClCompile Include="GameSystem.cpp">
      <Filter>Source Files\GameSystem</Filter>
    </ClCompile>
    <ClCompile Include="Vector3.cpp">
      <Filter>Source Files\GameSystem\Common</Filter>
    </ClCompile>
    <ClCompile Include="GameHost.cpp">
      <Filter>Source Files\GameSystem</Filter>
    </ClCompile>
    <ClCompile Include="Skill.cpp">
      <Filter>Source Files\GameSystem\Guardian</Filter>
    </ClCompile>
    <ClCompile Include="SkillData.cpp">
      <Filter>Source Files\GameSystem\GameObject\Skill</Filter>
    </ClCompile>
    <ClCompile Include="SkillDataFactory.cpp">
      <Filter>Source Files\GameSystem\Factory</Filter>
    </ClCompile>
    <ClCompile Include="GuardianFactory.cpp">
      <Filter>Source Files\GameSystem\Factory</Filter>
    </ClCompile>
    <ClCompile Include="OperationFactory.cpp">
      <Filter>Source Files\GameSystem\Factory</Filter>
    </ClCompile>
    <ClCompile Include="PhysicalDamage.cpp">
      <Filter>Source Files\GameSystem\Factory\Operation</Filter>
    </ClCompile>
    <ClCompile Include="IOperation.cpp">
      <Filter>Source Files\GameSystem\Factory\Operation</Filter>
    </ClCompile>
    <ClCompile Include="ITriggerCondition.cpp">
      <Filter>Source Files\GameSystem\Factory\TriggerCondition</Filter>
    </ClCompile>
    <ClCompile Include="TCNone.cpp">
      <Filter>Source Files\GameSystem\Factory\TriggerCondition</Filter>
    </ClCompile>
    <ClCompile Include="Singleton.cpp">
      <Filter>Source Files\Utils</Filter>
    </ClCompile>
    <ClCompile Include="TriggerConditionFactory.cpp">
      <Filter>Source Files\GameSystem\Factory</Filter>
    </ClCompile>
    <ClCompile Include="ServerApp.cpp">
      <Filter>Source Files</Filter>
    </ClCompile>
    <ClCompile Include="Packet.cpp">
      <Filter>Source Files\NetworkSystem\PacketHandler\Common</Filter>
    </ClCompile>
    <ClCompile Include="MatchController.cpp">
      <Filter>Source Files\NetworkSystem\PacketHandler</Filter>
    </ClCompile>
    <ClCompile Include="IController.cpp">
      <Filter>Source Files\NetworkSystem\PacketHandler\Interface</Filter>
    </ClCompile>
    <ClCompile Include="AuthController.cpp">
      <Filter>Source Files\NetworkSystem\PacketHandler</Filter>
    </ClCompile>
    <ClCompile Include="GameController.cpp">
      <Filter>Source Files\NetworkSystem\PacketHandler</Filter>
    </ClCompile>
    <ClCompile Include="Command.cpp">
      <Filter>Source Files\GameSystem\Command</Filter>
    </ClCompile>
    <ClCompile Include="Player.cpp">
      <Filter>Source Files\Game</Filter>
    </ClCompile>
    <ClCompile Include="MatchSystem.cpp">
      <Filter>Source Files\MatchSystem</Filter>
    </ClCompile>
    <ClCompile Include="NetworkSystem.cpp">
      <Filter>Source Files</Filter>
    </ClCompile>
    <ClCompile Include="DataSystem.cpp">
      <Filter>Source Files\DataSystem</Filter>
    </ClCompile>
    <ClCompile Include="DebugController.cpp">
      <Filter>Source Files\NetworkSystem\PacketHandler</Filter>
    </ClCompile>
    <ClCompile Include="ChampDataFactory.cpp">
      <Filter>Source Files\DataSystem\GameData</Filter>
    </ClCompile>
    <ClCompile Include="Champion.cpp">
      <Filter>Source Files\GameSystem\InGame</Filter>
    </ClCompile>
    <ClCompile Include="InGamePlayer.cpp">
      <Filter>Source Files\GameSystem\InGame</Filter>
    </ClCompile>
    <ClCompile Include="TransformController.cpp">
      <Filter>Source Files\GameSystem\Controller</Filter>
    </ClCompile>
    <ClCompile Include="IGameState.cpp">
      <Filter>Source Files\GameSystem\GameState</Filter>
    </ClCompile>
    <ClCompile Include="GameStartedState.cpp">
      <Filter>Source Files\GameSystem\GameState</Filter>
    </ClCompile>
    <ClCompile Include="StandByState.cpp">
      <Filter>Source Files\GameSystem\GameState</Filter>
    </ClCompile>
    <ClCompile Include="ShopProbability.cpp">
      <Filter>Source Files\GameSystem\InGame</Filter>
    </ClCompile>
    <ClCompile Include="RoundStartedState.cpp">
      <Filter>Source Files\GameSystem\GameState</Filter>
    </ClCompile>
  </ItemGroup>
  <ItemGroup>
    <ClInclude Include="pch.h">
      <Filter>Source Files</Filter>
    </ClInclude>
    <ClInclude Include="SocketServer.h">
      <Filter>Source Files\NetworkSystem</Filter>
    </ClInclude>
    <ClInclude Include="ClientSession.h">
      <Filter>Source Files\NetworkSystem</Filter>
    </ClInclude>
    <ClInclude Include="Login.h">
      <Filter>Source Files\NetworkSystem\PacketHandler\Auth</Filter>
    </ClInclude>
    <ClInclude Include="IPacketHandler.h">
      <Filter>Source Files\NetworkSystem\PacketHandler\Interface</Filter>
    </ClInclude>
    <ClInclude Include="PacketId.h">
      <Filter>Source Files\NetworkSystem\PacketHandler\Common</Filter>
    </ClInclude>
    <ClInclude Include="PacketController.h">
      <Filter>Source Files\NetworkSystem\PacketHandler\Common</Filter>
    </ClInclude>
    <ClInclude Include="PlayerManager.h">
      <Filter>Source Files\Game</Filter>
    </ClInclude>
    <ClInclude Include="ThreadSystem.h">
      <Filter>Source Files\Thread</Filter>
    </ClInclude>
    <ClInclude Include="TLS.h">
      <Filter>Source Files\Thread</Filter>
    </ClInclude>
    <ClInclude Include="InputValidator.h">
      <Filter>Source Files\Utils</Filter>
    </ClInclude>
    <ClInclude Include="GameSystem.h">
      <Filter>Source Files\GameSystem</Filter>
    </ClInclude>
    <ClInclude Include="Vector3.h">
      <Filter>Source Files\GameSystem\Common</Filter>
    </ClInclude>
    <ClInclude Include="GameHost.h">
      <Filter>Source Files\GameSystem</Filter>
    </ClInclude>
    <ClInclude Include="Skill.h">
      <Filter>Source Files\GameSystem\Guardian</Filter>
    </ClInclude>
    <ClInclude Include="SkillData.h">
      <Filter>Source Files\GameSystem\GameObject\Skill</Filter>
    </ClInclude>
    <ClInclude Include="CommonEnum.h">
      <Filter>Source Files\GameSystem\GameObject\Type</Filter>
    </ClInclude>
    <ClInclude Include="SkillDataFactory.h">
      <Filter>Source Files\GameSystem\Factory</Filter>
    </ClInclude>
    <ClInclude Include="resource.h" />
    <ClInclude Include="OperationType.h">
      <Filter>Source Files\GameSystem\GameObject\Type</Filter>
    </ClInclude>
    <ClInclude Include="TriggerType.h">
      <Filter>Source Files\GameSystem\GameObject\Type</Filter>
    </ClInclude>
    <ClInclude Include="StatType.h">
      <Filter>Source Files\GameSystem\GameObject\Type</Filter>
    </ClInclude>
    <ClInclude Include="TargetType.h">
      <Filter>Source Files\GameSystem\GameObject\Type</Filter>
    </ClInclude>
    <ClInclude Include="GuardianFactory.h">
      <Filter>Source Files\GameSystem\Factory</Filter>
    </ClInclude>
    <ClInclude Include="OperationFactory.h">
      <Filter>Source Files\GameSystem\Factory</Filter>
    </ClInclude>
    <ClInclude Include="PhysicalDamage.h">
      <Filter>Source Files\GameSystem\Factory\Operation</Filter>
    </ClInclude>
    <ClInclude Include="IOperation.h">
      <Filter>Source Files\GameSystem\Factory\Operation</Filter>
    </ClInclude>
    <ClInclude Include="ITriggerCondition.h">
      <Filter>Source Files\GameSystem\Factory\TriggerCondition</Filter>
    </ClInclude>
    <ClInclude Include="TCNone.h">
      <Filter>Source Files\GameSystem\Factory\TriggerCondition</Filter>
    </ClInclude>
    <ClInclude Include="Singleton.h">
      <Filter>Source Files\Utils</Filter>
    </ClInclude>
    <ClInclude Include="TriggerConditionFactory.h">
      <Filter>Source Files\GameSystem\Factory</Filter>
    </ClInclude>
    <ClInclude Include="ServerApp.h">
      <Filter>Source Files</Filter>
    </ClInclude>
    <ClInclude Include="Packet.h">
      <Filter>Source Files\NetworkSystem\PacketHandler\Common</Filter>
    </ClInclude>
    <ClInclude Include="MatchController.h">
      <Filter>Source Files\NetworkSystem\PacketHandler</Filter>
    </ClInclude>
    <ClInclude Include="IController.h">
      <Filter>Source Files\NetworkSystem\PacketHandler\Interface</Filter>
    </ClInclude>
    <ClInclude Include="AuthController.h">
      <Filter>Source Files\NetworkSystem\PacketHandler</Filter>
    </ClInclude>
    <ClInclude Include="GameController.h">
      <Filter>Source Files\NetworkSystem\PacketHandler</Filter>
    </ClInclude>
    <ClInclude Include="Command.h">
      <Filter>Source Files\GameSystem\Command</Filter>
    </ClInclude>
    <ClInclude Include="Player.h">
      <Filter>Source Files\Game</Filter>
    </ClInclude>
    <ClInclude Include="MatchSystem.h">
      <Filter>Source Files\MatchSystem</Filter>
    </ClInclude>
    <ClInclude Include="NetworkSystem.h" />
    <ClInclude Include="DataSystem.h">
      <Filter>Source Files\DataSystem</Filter>
    </ClInclude>
    <ClInclude Include="DebugController.h">
      <Filter>Source Files\NetworkSystem\PacketHandler</Filter>
    </ClInclude>
    <ClInclude Include="ChampDataFactory.h">
      <Filter>Source Files\DataSystem\GameData</Filter>
    </ClInclude>
    <ClInclude Include="Champion.h">
      <Filter>Source Files\GameSystem\InGame</Filter>
    </ClInclude>
    <ClInclude Include="InGamePlayer.h">
      <Filter>Source Files\GameSystem\InGame</Filter>
    </ClInclude>
    <ClInclude Include="TransformController.h">
      <Filter>Source Files\GameSystem\Controller</Filter>
    </ClInclude>
    <ClInclude Include="IGameState.h">
      <Filter>Source Files\GameSystem\GameState</Filter>
    </ClInclude>
    <ClInclude Include="GameStartedState.h">
      <Filter>Source Files\GameSystem\GameState</Filter>
    </ClInclude>
    <ClInclude Include="StandByState.h">
      <Filter>Source Files\GameSystem\GameState</Filter>
    </ClInclude>
    <ClInclude Include="ShopProbability.h">
      <Filter>Source Files\GameSystem\InGame</Filter>
    </ClInclude>
    <ClInclude Include="RoundStartedState.h">
      <Filter>Source Files\GameSystem\GameState</Filter>
    </ClInclude>
  </ItemGroup>
  <ItemGroup>
    <ResourceCompile Include="SocketServer.rc" />
  </ItemGroup>
  <ItemGroup>
    <None Include="json1.bin" />
    <None Include="json\SkillData.json">
      <Filter>Source Files\GameSystem\json</Filter>
    </None>
    <None Include="json\OperationData.json">
      <Filter>Source Files\GameSystem\json</Filter>
    </None>
    <None Include="json\GuardianData.json">
      <Filter>Source Files\GameSystem\json</Filter>
    </None>
    <None Include="json\EntityData.json">
      <Filter>Source Files\GameSystem\json</Filter>
    </None>
    <None Include="json\StatData.json">
      <Filter>Source Files\GameSystem\json</Filter>
    </None>
    <None Include=".clang-format" />
    <None Include="json\ChampData.json">
      <Filter>Source Files\DataSystem\JsonData</Filter>
    </None>
    <None Include="json\ChampStatData.json">
      <Filter>Source Files\DataSystem\JsonData</Filter>
    </None>
  </ItemGroup>
</Project>